
Microsoft Visual Studio Solution File, Format Version 12.00
# Visual Studio Version 17
VisualStudioVersion = 17.1.32319.34
MinimumVisualStudioVersion = 10.0.40219.1
Project("{FAE04EC0-301F-11D3-BF4B-00C04F79EFBC}") = "MoodAnalyzer", "MoodAnalyzer.csproj", "{5ACF6435-834B-48D4-8893-15BAA98206DF}"
EndProject
Project("{FAE04EC0-301F-11D3-BF4B-00C04F79EFBC}") = "MoodAnalyzerTest", "..\TestProject1\MoodAnalyzerTest.csproj", "{4BEF85EC-9653-4455-BD09-FDA67A8FF39C}"
EndProject
Global
	GlobalSection(SolutionConfigurationPlatforms) = preSolution
		Debug|Any CPU = Debug|Any CPU
		Release|Any CPU = Release|Any CPU
	EndGlobalSection
	GlobalSection(ProjectConfigurationPlatforms) = postSolution
		{5ACF6435-834B-48D4-8893-15BAA98206DF}.Debug|Any CPU.ActiveCfg = Debug|Any CPU
		{5ACF6435-834B-48D4-8893-15BAA98206DF}.Debug|Any CPU.Build.0 = Debug|Any CPU
		{5ACF6435-834B-48D4-8893-15BAA98206DF}.Release|Any CPU.ActiveCfg = Release|Any CPU
		{5ACF6435-834B-48D4-8893-15BAA98206DF}.Release|Any CPU.Build.0 = Release|Any CPU
		{4BEF85EC-9653-4455-BD09-FDA67A8FF39C}.Debug|Any CPU.ActiveCfg = Debug|Any CPU
		{4BEF85EC-9653-4455-BD09-FDA67A8FF39C}.Debug|Any CPU.Build.0 = Debug|Any CPU
		{4BEF85EC-9653-4455-BD09-FDA67A8FF39C}.Release|Any CPU.ActiveCfg = Release|Any CPU
		{4BEF85EC-9653-4455-BD09-FDA67A8FF39C}.Release|Any CPU.Build.0 = Release|Any CPU
	EndGlobalSection
	GlobalSection(SolutionProperties) = preSolution
		HideSolutionNode = FALSE
	EndGlobalSection
	GlobalSection(ExtensibilityGlobals) = postSolution
		SolutionGuid = {14B992BD-82B6-471A-B258-AB21D983DE2F}
	EndGlobalSection
EndGlobal
